
Microsoft Visual Studio Solution File, Format Version 12.00
# Visual Studio Version 17
VisualStudioVersion = 17.5.33627.172
MinimumVisualStudioVersion = 10.0.40219.1
Project("{9A19103F-16F7-4668-BE54-9A1E7A4F7556}") = "Lab_10", "Lab_10.csproj", "{027AEE24-4F7E-47DE-A066-1BCD688FB772}"
EndProject
Project("{FAE04EC0-301F-11D3-BF4B-00C04F79EFBC}") = "Lab_10_Test", "..\Lab_10_Test\Lab_10_Test.csproj", "{40B9AADF-60DC-4F95-9F53-C02055CD6B81}"
EndProject
Global
	GlobalSection(SolutionConfigurationPlatforms) = preSolution
		Debug|Any CPU = Debug|Any CPU
		Release|Any CPU = Release|Any CPU
	EndGlobalSection
	GlobalSection(ProjectConfigurationPlatforms) = postSolution
		{027AEE24-4F7E-47DE-A066-1BCD688FB772}.Debug|Any CPU.ActiveCfg = Debug|Any CPU
		{027AEE24-4F7E-47DE-A066-1BCD688FB772}.Debug|Any CPU.Build.0 = Debug|Any CPU
		{027AEE24-4F7E-47DE-A066-1BCD688FB772}.Release|Any CPU.ActiveCfg = Release|Any CPU
		{027AEE24-4F7E-47DE-A066-1BCD688FB772}.Release|Any CPU.Build.0 = Release|Any CPU
		{40B9AADF-60DC-4F95-9F53-C02055CD6B81}.Debug|Any CPU.ActiveCfg = Debug|Any CPU
		{40B9AADF-60DC-4F95-9F53-C02055CD6B81}.Debug|Any CPU.Build.0 = Debug|Any CPU
		{40B9AADF-60DC-4F95-9F53-C02055CD6B81}.Release|Any CPU.ActiveCfg = Release|Any CPU
		{40B9AADF-60DC-4F95-9F53-C02055CD6B81}.Release|Any CPU.Build.0 = Release|Any CPU
	EndGlobalSection
	GlobalSection(SolutionProperties) = preSolution
		HideSolutionNode = FALSE
	EndGlobalSection
	GlobalSection(ExtensibilityGlobals) = postSolution
		SolutionGuid = {C44E0B66-A7E7-46F7-B955-E5C3536B3B46}
	EndGlobalSection
EndGlobal
